
Microsoft Visual Studio Solution File, Format Version 12.00
# Visual Studio Version 16
VisualStudioVersion = 16.0.31829.152
MinimumVisualStudioVersion = 10.0.40219.1
Project("{FAE04EC0-301F-11D3-BF4B-00C04F79EFBC}") = "HolePlugin", "HolePlugin\HolePlugin.csproj", "{9C149B35-36A6-408E-8276-688E4F498136}"
EndProject
Global
	GlobalSection(SolutionConfigurationPlatforms) = preSolution
		Debug|Any CPU = Debug|Any CPU
		Release|Any CPU = Release|Any CPU
	EndGlobalSection
	GlobalSection(ProjectConfigurationPlatforms) = postSolution
		{9C149B35-36A6-408E-8276-688E4F498136}.Debug|Any CPU.ActiveCfg = Debug|Any CPU
		{9C149B35-36A6-408E-8276-688E4F498136}.Debug|Any CPU.Build.0 = Debug|Any CPU
		{9C149B35-36A6-408E-8276-688E4F498136}.Release|Any CPU.ActiveCfg = Release|Any CPU
		{9C149B35-36A6-408E-8276-688E4F498136}.Release|Any CPU.Build.0 = Release|Any CPU
	EndGlobalSection
	GlobalSection(SolutionProperties) = preSolution
		HideSolutionNode = FALSE
	EndGlobalSection
	GlobalSection(ExtensibilityGlobals) = postSolution
		SolutionGuid = {AA542FAA-4D56-4D1E-9F25-467241123249}
	EndGlobalSection
EndGlobal
